// !$*UTF8*$!
{
	archiveVersion = 1;
	classes = {
	};
	objectVersion = 46;
	objects = {

/* Begin PBXBuildFile section */
		8648328F16E158BC00D64E89 /* SSGradientView.m in Sources */ = {isa = PBXBuildFile; fileRef = 86AF795816E14FBF000EEA84 /* SSGradientView.m */; };
		8648329016E158BC00D64E89 /* SSHUDView.m in Sources */ = {isa = PBXBuildFile; fileRef = 86AF795A16E14FBF000EEA84 /* SSHUDView.m */; };
		8648329116E158BC00D64E89 /* SSIndicatorLabel.m in Sources */ = {isa = PBXBuildFile; fileRef = 86AF795C16E14FBF000EEA84 /* SSIndicatorLabel.m */; };
		8648329216E158BC00D64E89 /* SSLabel.m in Sources */ = {isa = PBXBuildFile; fileRef = 86AF795E16E14FBF000EEA84 /* SSLabel.m */; };
		8648329316E158BC00D64E89 /* SSLineView.m in Sources */ = {isa = PBXBuildFile; fileRef = 86AF796016E14FBF000EEA84 /* SSLineView.m */; };
		8648329416E158BC00D64E89 /* SSLoadingView.m in Sources */ = {isa = PBXBuildFile; fileRef = 86AF796216E14FBF000EEA84 /* SSLoadingView.m */; };
		8648329516E158BC00D64E89 /* SSPieProgressView.m in Sources */ = {isa = PBXBuildFile; fileRef = 86AF796416E14FBF000EEA84 /* SSPieProgressView.m */; };
		8648329616E158BC00D64E89 /* SSWebView.m in Sources */ = {isa = PBXBuildFile; fileRef = 86AF796616E14FBF000EEA84 /* SSWebView.m */; };
		8648329716E158BC00D64E89 /* SSInnerWebView.m in Sources */ = {isa = PBXBuildFile; fileRef = 86AF796816E14FBF000EEA84 /* SSInnerWebView.m */; };
		8648329816E158BC00D64E89 /* SSBadgeTableViewCell.m in Sources */ = {isa = PBXBuildFile; fileRef = 86AF796B16E14FEB000EEA84 /* SSBadgeTableViewCell.m */; };
		8648329A16E158BC00D64E89 /* SSNavigationController.m in Sources */ = {isa = PBXBuildFile; fileRef = 86AF797016E15000000EEA84 /* SSNavigationController.m */; };
		8648329B16E158BC00D64E89 /* SSPickerViewController.m in Sources */ = {isa = PBXBuildFile; fileRef = 86AF797316E15000000EEA84 /* SSPickerViewController.m */; };
		8648329C16E158BC00D64E89 /* SSRatingPickerViewController.m in Sources */ = {isa = PBXBuildFile; fileRef = 86AF797516E15000000EEA84 /* SSRatingPickerViewController.m */; };
		8648329D16E158BC00D64E89 /* SSTableViewController.m in Sources */ = {isa = PBXBuildFile; fileRef = 86AF797716E15000000EEA84 /* SSTableViewController.m */; };
		8648329E16E158BC00D64E89 /* SSViewController.m in Sources */ = {isa = PBXBuildFile; fileRef = 86AF797916E15000000EEA84 /* SSViewController.m */; };
		8648329F16E158BC00D64E89 /* SSDropShadowView.m in Sources */ = {isa = PBXBuildFile; fileRef = 86AF797B16E15000000EEA84 /* SSDropShadowView.m */; };
		864832A016E158BC00D64E89 /* SSAddressBarTextField.m in Sources */ = {isa = PBXBuildFile; fileRef = 86AF797E16E1500F000EEA84 /* SSAddressBarTextField.m */; };
		864832A116E158BC00D64E89 /* SSTextField.m in Sources */ = {isa = PBXBuildFile; fileRef = 86AF798016E1500F000EEA84 /* SSTextField.m */; };
		864832A216E158BC00D64E89 /* SSTextView.m in Sources */ = {isa = PBXBuildFile; fileRef = 86AF798216E1500F000EEA84 /* SSTextView.m */; };
		864832A316E158BC00D64E89 /* SSRatingPicker.m in Sources */ = {isa = PBXBuildFile; fileRef = 86AF798416E1500F000EEA84 /* SSRatingPicker.m */; };
		864832A516E158BC00D64E89 /* SSConcurrentOperation.m in Sources */ = {isa = PBXBuildFile; fileRef = 86AF798916E1501D000EEA84 /* SSConcurrentOperation.m */; };
		864832A616E158BC00D64E89 /* SSDrawingMacros.m in Sources */ = {isa = PBXBuildFile; fileRef = 86AF798B16E1501D000EEA84 /* SSDrawingMacros.m */; };
		864832A716E158BC00D64E89 /* SSToolkitDefines.m in Sources */ = {isa = PBXBuildFile; fileRef = 86AF798D16E1501D000EEA84 /* SSToolkitDefines.m */; };
		864832A816E158BC00D64E89 /* SSRatingPickerScrollView.m in Sources */ = {isa = PBXBuildFile; fileRef = 86AF799016E15037000EEA84 /* SSRatingPickerScrollView.m */; };
		864832A916E158BC00D64E89 /* SSAddressBarTextFieldBackgroundView.m in Sources */ = {isa = PBXBuildFile; fileRef = 86AF799216E15037000EEA84 /* SSAddressBarTextFieldBackgroundView.m */; };
		864832AA16E158BC00D64E89 /* SSAddressBarTextFieldBackgroundViewInnerView.m in Sources */ = {isa = PBXBuildFile; fileRef = 86AF799416E15037000EEA84 /* SSAddressBarTextFieldBackgroundViewInnerView.m */; };
		864832AB16E158BC00D64E89 /* NSArray+SSToolkitAdditions.m in Sources */ = {isa = PBXBuildFile; fileRef = 86AF799716E15049000EEA84 /* NSArray+SSToolkitAdditions.m */; };
		864832AC16E158BC00D64E89 /* NSCalendar+SSToolkitAdditions.m in Sources */ = {isa = PBXBuildFile; fileRef = 86AF799916E15049000EEA84 /* NSCalendar+SSToolkitAdditions.m */; };
		864832AD16E158BC00D64E89 /* NSData+SSToolkitAdditions.m in Sources */ = {isa = PBXBuildFile; fileRef = 86AF799B16E15049000EEA84 /* NSData+SSToolkitAdditions.m */; };
		864832AE16E158BC00D64E89 /* NSDate+SSToolkitAdditions.m in Sources */ = {isa = PBXBuildFile; fileRef = 86AF799D16E15049000EEA84 /* NSDate+SSToolkitAdditions.m */; };
		864832AF16E158BC00D64E89 /* NSDictionary+SSToolkitAdditions.m in Sources */ = {isa = PBXBuildFile; fileRef = 86AF799F16E15049000EEA84 /* NSDictionary+SSToolkitAdditions.m */; };
		864832B016E158BC00D64E89 /* NSString+SSToolkitAdditions.m in Sources */ = {isa = PBXBuildFile; fileRef = 86AF79A116E15049000EEA84 /* NSString+SSToolkitAdditions.m */; };
		864832B116E158BC00D64E89 /* NSURL+SSToolkitAdditions.m in Sources */ = {isa = PBXBuildFile; fileRef = 86AF79A316E15049000EEA84 /* NSURL+SSToolkitAdditions.m */; };
		864832B216E158BC00D64E89 /* UIApplication+SSToolkitAdditions.m in Sources */ = {isa = PBXBuildFile; fileRef = 86AF79A616E15060000EEA84 /* UIApplication+SSToolkitAdditions.m */; };
		864832B316E158BC00D64E89 /* UIColor+SSToolkitAdditions.m in Sources */ = {isa = PBXBuildFile; fileRef = 86AF79A816E15060000EEA84 /* UIColor+SSToolkitAdditions.m */; };
		864832B416E158BC00D64E89 /* UIControl+SSToolkitAdditions.m in Sources */ = {isa = PBXBuildFile; fileRef = 86AF79AA16E15060000EEA84 /* UIControl+SSToolkitAdditions.m */; };
		864832B516E158BC00D64E89 /* UIDevice+SSToolkitAdditions.m in Sources */ = {isa = PBXBuildFile; fileRef = 86AF79AC16E15060000EEA84 /* UIDevice+SSToolkitAdditions.m */; };
		864832B616E158BC00D64E89 /* UIImage+SSToolkitAdditions.m in Sources */ = {isa = PBXBuildFile; fileRef = 86AF79AE16E15060000EEA84 /* UIImage+SSToolkitAdditions.m */; };
		864832B716E158BC00D64E89 /* UIScreen+SSToolkitAdditions.m in Sources */ = {isa = PBXBuildFile; fileRef = 86AF79B016E15060000EEA84 /* UIScreen+SSToolkitAdditions.m */; };
		864832B816E158BC00D64E89 /* UIScrollView+SSToolkitAdditions.m in Sources */ = {isa = PBXBuildFile; fileRef = 86AF79B216E15060000EEA84 /* UIScrollView+SSToolkitAdditions.m */; };
		864832B916E158BC00D64E89 /* UIView+SSToolkitAdditions.m in Sources */ = {isa = PBXBuildFile; fileRef = 86AF79B416E15060000EEA84 /* UIView+SSToolkitAdditions.m */; };
		864832BA16E158BC00D64E89 /* UIViewController+SSToolkitAdditions.m in Sources */ = {isa = PBXBuildFile; fileRef = 86AF79B616E15060000EEA84 /* UIViewController+SSToolkitAdditions.m */; };
		865B55FF16E151C900D3AC7F /* SSToolkit.h in CopyFiles */ = {isa = PBXBuildFile; fileRef = 86AF794E16E14F88000EEA84 /* SSToolkit.h */; };
		865B560016E151C900D3AC7F /* SSCategories.h in CopyFiles */ = {isa = PBXBuildFile; fileRef = 86AF794D16E14F88000EEA84 /* SSCategories.h */; };
		865B560116E151C900D3AC7F /* SSBadgeView.h in CopyFiles */ = {isa = PBXBuildFile; fileRef = 86AF795016E14FB5000EEA84 /* SSBadgeView.h */; };
		865B560416E151C900D3AC7F /* SSGradientView.h in CopyFiles */ = {isa = PBXBuildFile; fileRef = 86AF795716E14FBF000EEA84 /* SSGradientView.h */; };
		865B560516E151C900D3AC7F /* SSHUDView.h in CopyFiles */ = {isa = PBXBuildFile; fileRef = 86AF795916E14FBF000EEA84 /* SSHUDView.h */; };
		865B560616E151C900D3AC7F /* SSIndicatorLabel.h in CopyFiles */ = {isa = PBXBuildFile; fileRef = 86AF795B16E14FBF000EEA84 /* SSIndicatorLabel.h */; };
		865B560716E151C900D3AC7F /* SSLabel.h in CopyFiles */ = {isa = PBXBuildFile; fileRef = 86AF795D16E14FBF000EEA84 /* SSLabel.h */; };
		865B560816E151C900D3AC7F /* SSLineView.h in CopyFiles */ = {isa = PBXBuildFile; fileRef = 86AF795F16E14FBF000EEA84 /* SSLineView.h */; };
		865B560916E151C900D3AC7F /* SSLoadingView.h in CopyFiles */ = {isa = PBXBuildFile; fileRef = 86AF796116E14FBF000EEA84 /* SSLoadingView.h */; };
		865B560A16E151C900D3AC7F /* SSPieProgressView.h in CopyFiles */ = {isa = PBXBuildFile; fileRef = 86AF796316E14FBF000EEA84 /* SSPieProgressView.h */; };
		865B560B16E151C900D3AC7F /* SSWebView.h in CopyFiles */ = {isa = PBXBuildFile; fileRef = 86AF796516E14FBF000EEA84 /* SSWebView.h */; };
		865B560C16E151C900D3AC7F /* SSInnerWebView.h in CopyFiles */ = {isa = PBXBuildFile; fileRef = 86AF796716E14FBF000EEA84 /* SSInnerWebView.h */; };
		865B560D16E151C900D3AC7F /* SSBadgeTableViewCell.h in CopyFiles */ = {isa = PBXBuildFile; fileRef = 86AF796A16E14FEB000EEA84 /* SSBadgeTableViewCell.h */; };
		865B560F16E151C900D3AC7F /* SSNavigationController.h in CopyFiles */ = {isa = PBXBuildFile; fileRef = 86AF796F16E15000000EEA84 /* SSNavigationController.h */; };
		865B561016E151C900D3AC7F /* SSModalViewController.h in CopyFiles */ = {isa = PBXBuildFile; fileRef = 86AF797116E15000000EEA84 /* SSModalViewController.h */; };
		865B561116E151C900D3AC7F /* SSPickerViewController.h in CopyFiles */ = {isa = PBXBuildFile; fileRef = 86AF797216E15000000EEA84 /* SSPickerViewController.h */; };
		865B561216E151C900D3AC7F /* SSRatingPickerViewController.h in CopyFiles */ = {isa = PBXBuildFile; fileRef = 86AF797416E15000000EEA84 /* SSRatingPickerViewController.h */; };
		865B561316E151C900D3AC7F /* SSTableViewController.h in CopyFiles */ = {isa = PBXBuildFile; fileRef = 86AF797616E15000000EEA84 /* SSTableViewController.h */; };
		865B561416E151C900D3AC7F /* SSViewController.h in CopyFiles */ = {isa = PBXBuildFile; fileRef = 86AF797816E15000000EEA84 /* SSViewController.h */; };
		865B561516E151C900D3AC7F /* SSDropShadowView.h in CopyFiles */ = {isa = PBXBuildFile; fileRef = 86AF797A16E15000000EEA84 /* SSDropShadowView.h */; };
		865B561616E151C900D3AC7F /* SSAddressBarTextField.h in CopyFiles */ = {isa = PBXBuildFile; fileRef = 86AF797D16E1500F000EEA84 /* SSAddressBarTextField.h */; };
		865B561716E151C900D3AC7F /* SSTextField.h in CopyFiles */ = {isa = PBXBuildFile; fileRef = 86AF797F16E1500F000EEA84 /* SSTextField.h */; };
		865B561816E151C900D3AC7F /* SSTextView.h in CopyFiles */ = {isa = PBXBuildFile; fileRef = 86AF798116E1500F000EEA84 /* SSTextView.h */; };
		865B561916E151C900D3AC7F /* SSRatingPicker.h in CopyFiles */ = {isa = PBXBuildFile; fileRef = 86AF798316E1500F000EEA84 /* SSRatingPicker.h */; };
		865B561B16E151C900D3AC7F /* SSConcurrentOperation.h in CopyFiles */ = {isa = PBXBuildFile; fileRef = 86AF798816E1501D000EEA84 /* SSConcurrentOperation.h */; };
		865B561C16E151C900D3AC7F /* SSDrawingMacros.h in CopyFiles */ = {isa = PBXBuildFile; fileRef = 86AF798A16E1501D000EEA84 /* SSDrawingMacros.h */; };
		865B561D16E151C900D3AC7F /* SSToolkitDefines.h in CopyFiles */ = {isa = PBXBuildFile; fileRef = 86AF798C16E1501D000EEA84 /* SSToolkitDefines.h */; };
		865B561E16E151C900D3AC7F /* NSArray+SSToolkitAdditions.h in CopyFiles */ = {isa = PBXBuildFile; fileRef = 86AF799616E15049000EEA84 /* NSArray+SSToolkitAdditions.h */; };
		865B561F16E151C900D3AC7F /* NSCalendar+SSToolkitAdditions.h in CopyFiles */ = {isa = PBXBuildFile; fileRef = 86AF799816E15049000EEA84 /* NSCalendar+SSToolkitAdditions.h */; };
		865B562016E151C900D3AC7F /* NSData+SSToolkitAdditions.h in CopyFiles */ = {isa = PBXBuildFile; fileRef = 86AF799A16E15049000EEA84 /* NSData+SSToolkitAdditions.h */; };
		865B562116E151C900D3AC7F /* NSDate+SSToolkitAdditions.h in CopyFiles */ = {isa = PBXBuildFile; fileRef = 86AF799C16E15049000EEA84 /* NSDate+SSToolkitAdditions.h */; };
		865B562216E151C900D3AC7F /* NSDictionary+SSToolkitAdditions.h in CopyFiles */ = {isa = PBXBuildFile; fileRef = 86AF799E16E15049000EEA84 /* NSDictionary+SSToolkitAdditions.h */; };
		865B562316E151C900D3AC7F /* NSString+SSToolkitAdditions.h in CopyFiles */ = {isa = PBXBuildFile; fileRef = 86AF79A016E15049000EEA84 /* NSString+SSToolkitAdditions.h */; };
		865B562416E151C900D3AC7F /* NSURL+SSToolkitAdditions.h in CopyFiles */ = {isa = PBXBuildFile; fileRef = 86AF79A216E15049000EEA84 /* NSURL+SSToolkitAdditions.h */; };
		865B562516E151C900D3AC7F /* UIApplication+SSToolkitAdditions.h in CopyFiles */ = {isa = PBXBuildFile; fileRef = 86AF79A516E15060000EEA84 /* UIApplication+SSToolkitAdditions.h */; };
		865B562616E151C900D3AC7F /* UIColor+SSToolkitAdditions.h in CopyFiles */ = {isa = PBXBuildFile; fileRef = 86AF79A716E15060000EEA84 /* UIColor+SSToolkitAdditions.h */; };
		865B562716E151C900D3AC7F /* UIControl+SSToolkitAdditions.h in CopyFiles */ = {isa = PBXBuildFile; fileRef = 86AF79A916E15060000EEA84 /* UIControl+SSToolkitAdditions.h */; };
		865B562816E151C900D3AC7F /* UIDevice+SSToolkitAdditions.h in CopyFiles */ = {isa = PBXBuildFile; fileRef = 86AF79AB16E15060000EEA84 /* UIDevice+SSToolkitAdditions.h */; };
		865B562916E151C900D3AC7F /* UIImage+SSToolkitAdditions.h in CopyFiles */ = {isa = PBXBuildFile; fileRef = 86AF79AD16E15060000EEA84 /* UIImage+SSToolkitAdditions.h */; };
		865B562A16E151C900D3AC7F /* UIScreen+SSToolkitAdditions.h in CopyFiles */ = {isa = PBXBuildFile; fileRef = 86AF79AF16E15060000EEA84 /* UIScreen+SSToolkitAdditions.h */; };
		865B562B16E151C900D3AC7F /* UIScrollView+SSToolkitAdditions.h in CopyFiles */ = {isa = PBXBuildFile; fileRef = 86AF79B116E15060000EEA84 /* UIScrollView+SSToolkitAdditions.h */; };
		865B562C16E151C900D3AC7F /* UIView+SSToolkitAdditions.h in CopyFiles */ = {isa = PBXBuildFile; fileRef = 86AF79B316E15060000EEA84 /* UIView+SSToolkitAdditions.h */; };
		865B562D16E151C900D3AC7F /* UIViewController+SSToolkitAdditions.h in CopyFiles */ = {isa = PBXBuildFile; fileRef = 86AF79B516E15060000EEA84 /* UIViewController+SSToolkitAdditions.h */; };
		8687F25116E14F3F00715A83 /* Foundation.framework in Frameworks */ = {isa = PBXBuildFile; fileRef = 8687F25016E14F3F00715A83 /* Foundation.framework */; };
		86AF795216E14FB5000EEA84 /* SSBadgeView.m in Sources */ = {isa = PBXBuildFile; fileRef = 86AF795116E14FB5000EEA84 /* SSBadgeView.m */; };
/* End PBXBuildFile section */

/* Begin PBXCopyFilesBuildPhase section */
		8687F24B16E14F3F00715A83 /* CopyFiles */ = {
			isa = PBXCopyFilesBuildPhase;
			buildActionMask = 2147483647;
			dstPath = "include/${PRODUCT_NAME}";
			dstSubfolderSpec = 16;
			files = (
				865B55FF16E151C900D3AC7F /* SSToolkit.h in CopyFiles */,
				865B560016E151C900D3AC7F /* SSCategories.h in CopyFiles */,
				865B560116E151C900D3AC7F /* SSBadgeView.h in CopyFiles */,
				865B560416E151C900D3AC7F /* SSGradientView.h in CopyFiles */,
				865B560516E151C900D3AC7F /* SSHUDView.h in CopyFiles */,
				865B560616E151C900D3AC7F /* SSIndicatorLabel.h in CopyFiles */,
				865B560716E151C900D3AC7F /* SSLabel.h in CopyFiles */,
				865B560816E151C900D3AC7F /* SSLineView.h in CopyFiles */,
				865B560916E151C900D3AC7F /* SSLoadingView.h in CopyFiles */,
				865B560A16E151C900D3AC7F /* SSPieProgressView.h in CopyFiles */,
				865B560B16E151C900D3AC7F /* SSWebView.h in CopyFiles */,
				865B560C16E151C900D3AC7F /* SSInnerWebView.h in CopyFiles */,
				865B560D16E151C900D3AC7F /* SSBadgeTableViewCell.h in CopyFiles */,
				865B560F16E151C900D3AC7F /* SSNavigationController.h in CopyFiles */,
				865B561016E151C900D3AC7F /* SSModalViewController.h in CopyFiles */,
				865B561116E151C900D3AC7F /* SSPickerViewController.h in CopyFiles */,
				865B561216E151C900D3AC7F /* SSRatingPickerViewController.h in CopyFiles */,
				865B561316E151C900D3AC7F /* SSTableViewController.h in CopyFiles */,
				865B561416E151C900D3AC7F /* SSViewController.h in CopyFiles */,
				865B561516E151C900D3AC7F /* SSDropShadowView.h in CopyFiles */,
				865B561616E151C900D3AC7F /* SSAddressBarTextField.h in CopyFiles */,
				865B561716E151C900D3AC7F /* SSTextField.h in CopyFiles */,
				865B561816E151C900D3AC7F /* SSTextView.h in CopyFiles */,
				865B561916E151C900D3AC7F /* SSRatingPicker.h in CopyFiles */,
				865B561B16E151C900D3AC7F /* SSConcurrentOperation.h in CopyFiles */,
				865B561C16E151C900D3AC7F /* SSDrawingMacros.h in CopyFiles */,
				865B561D16E151C900D3AC7F /* SSToolkitDefines.h in CopyFiles */,
				865B561E16E151C900D3AC7F /* NSArray+SSToolkitAdditions.h in CopyFiles */,
				865B561F16E151C900D3AC7F /* NSCalendar+SSToolkitAdditions.h in CopyFiles */,
				865B562016E151C900D3AC7F /* NSData+SSToolkitAdditions.h in CopyFiles */,
				865B562116E151C900D3AC7F /* NSDate+SSToolkitAdditions.h in CopyFiles */,
				865B562216E151C900D3AC7F /* NSDictionary+SSToolkitAdditions.h in CopyFiles */,
				865B562316E151C900D3AC7F /* NSString+SSToolkitAdditions.h in CopyFiles */,
				865B562416E151C900D3AC7F /* NSURL+SSToolkitAdditions.h in CopyFiles */,
				865B562516E151C900D3AC7F /* UIApplication+SSToolkitAdditions.h in CopyFiles */,
				865B562616E151C900D3AC7F /* UIColor+SSToolkitAdditions.h in CopyFiles */,
				865B562716E151C900D3AC7F /* UIControl+SSToolkitAdditions.h in CopyFiles */,
				865B562816E151C900D3AC7F /* UIDevice+SSToolkitAdditions.h in CopyFiles */,
				865B562916E151C900D3AC7F /* UIImage+SSToolkitAdditions.h in CopyFiles */,
				865B562A16E151C900D3AC7F /* UIScreen+SSToolkitAdditions.h in CopyFiles */,
				865B562B16E151C900D3AC7F /* UIScrollView+SSToolkitAdditions.h in CopyFiles */,
				865B562C16E151C900D3AC7F /* UIView+SSToolkitAdditions.h in CopyFiles */,
				865B562D16E151C900D3AC7F /* UIViewController+SSToolkitAdditions.h in CopyFiles */,
			);
			runOnlyForDeploymentPostprocessing = 0;
		};
/* End PBXCopyFilesBuildPhase section */

/* Begin PBXFileReference section */
		865B55FE16E1511D00D3AC7F /* SSToolkit.bundle */ = {isa = PBXFileReference; lastKnownFileType = "wrapper.plug-in"; name = SSToolkit.bundle; path = Resources/SSToolkit.bundle; sourceTree = "<group>"; };
		8687F24D16E14F3F00715A83 /* libSSToolkit.a */ = {isa = PBXFileReference; explicitFileType = archive.ar; includeInIndex = 0; path = libSSToolkit.a; sourceTree = BUILT_PRODUCTS_DIR; };
		8687F25016E14F3F00715A83 /* Foundation.framework */ = {isa = PBXFileReference; lastKnownFileType = wrapper.framework; name = Foundation.framework; path = System/Library/Frameworks/Foundation.framework; sourceTree = SDKROOT; };
		8687F25416E14F3F00715A83 /* SSToolkit-Prefix.pch */ = {isa = PBXFileReference; lastKnownFileType = sourcecode.c.h; path = "SSToolkit-Prefix.pch"; sourceTree = "<group>"; };
		86AF794D16E14F88000EEA84 /* SSCategories.h */ = {isa = PBXFileReference; fileEncoding = 4; lastKnownFileType = sourcecode.c.h; path = SSCategories.h; sourceTree = "<group>"; };
		86AF794E16E14F88000EEA84 /* SSToolkit.h */ = {isa = PBXFileReference; fileEncoding = 4; lastKnownFileType = sourcecode.c.h; path = SSToolkit.h; sourceTree = "<group>"; };
		86AF795016E14FB5000EEA84 /* SSBadgeView.h */ = {isa = PBXFileReference; fileEncoding = 4; lastKnownFileType = sourcecode.c.h; path = SSBadgeView.h; sourceTree = "<group>"; };
		86AF795116E14FB5000EEA84 /* SSBadgeView.m */ = {isa = PBXFileReference; fileEncoding = 4; lastKnownFileType = sourcecode.c.objc; path = SSBadgeView.m; sourceTree = "<group>"; };
		86AF795716E14FBF000EEA84 /* SSGradientView.h */ = {isa = PBXFileReference; lastKnownFileType = sourcecode.c.h; path = SSGradientView.h; sourceTree = "<group>"; };
		86AF795816E14FBF000EEA84 /* SSGradientView.m */ = {isa = PBXFileReference; lastKnownFileType = sourcecode.c.objc; path = SSGradientView.m; sourceTree = "<group>"; };
		86AF795916E14FBF000EEA84 /* SSHUDView.h */ = {isa = PBXFileReference; lastKnownFileType = sourcecode.c.h; path = SSHUDView.h; sourceTree = "<group>"; };
		86AF795A16E14FBF000EEA84 /* SSHUDView.m */ = {isa = PBXFileReference; lastKnownFileType = sourcecode.c.objc; path = SSHUDView.m; sourceTree = "<group>"; };
		86AF795B16E14FBF000EEA84 /* SSIndicatorLabel.h */ = {isa = PBXFileReference; lastKnownFileType = sourcecode.c.h; path = SSIndicatorLabel.h; sourceTree = "<group>"; };
		86AF795C16E14FBF000EEA84 /* SSIndicatorLabel.m */ = {isa = PBXFileReference; lastKnownFileType = sourcecode.c.objc; path = SSIndicatorLabel.m; sourceTree = "<group>"; };
		86AF795D16E14FBF000EEA84 /* SSLabel.h */ = {isa = PBXFileReference; lastKnownFileType = sourcecode.c.h; path = SSLabel.h; sourceTree = "<group>"; };
		86AF795E16E14FBF000EEA84 /* SSLabel.m */ = {isa = PBXFileReference; lastKnownFileType = sourcecode.c.objc; path = SSLabel.m; sourceTree = "<group>"; };
		86AF795F16E14FBF000EEA84 /* SSLineView.h */ = {isa = PBXFileReference; lastKnownFileType = sourcecode.c.h; path = SSLineView.h; sourceTree = "<group>"; };
		86AF796016E14FBF000EEA84 /* SSLineView.m */ = {isa = PBXFileReference; lastKnownFileType = sourcecode.c.objc; path = SSLineView.m; sourceTree = "<group>"; };
		86AF796116E14FBF000EEA84 /* SSLoadingView.h */ = {isa = PBXFileReference; lastKnownFileType = sourcecode.c.h; path = SSLoadingView.h; sourceTree = "<group>"; };
		86AF796216E14FBF000EEA84 /* SSLoadingView.m */ = {isa = PBXFileReference; lastKnownFileType = sourcecode.c.objc; path = SSLoadingView.m; sourceTree = "<group>"; };
		86AF796316E14FBF000EEA84 /* SSPieProgressView.h */ = {isa = PBXFileReference; lastKnownFileType = sourcecode.c.h; path = SSPieProgressView.h; sourceTree = "<group>"; };
		86AF796416E14FBF000EEA84 /* SSPieProgressView.m */ = {isa = PBXFileReference; lastKnownFileType = sourcecode.c.objc; path = SSPieProgressView.m; sourceTree = "<group>"; };
		86AF796516E14FBF000EEA84 /* SSWebView.h */ = {isa = PBXFileReference; lastKnownFileType = sourcecode.c.h; path = SSWebView.h; sourceTree = "<group>"; };
		86AF796616E14FBF000EEA84 /* SSWebView.m */ = {isa = PBXFileReference; lastKnownFileType = sourcecode.c.objc; path = SSWebView.m; sourceTree = "<group>"; };
		86AF796716E14FBF000EEA84 /* SSInnerWebView.h */ = {isa = PBXFileReference; lastKnownFileType = sourcecode.c.h; path = SSInnerWebView.h; sourceTree = "<group>"; };
		86AF796816E14FBF000EEA84 /* SSInnerWebView.m */ = {isa = PBXFileReference; lastKnownFileType = sourcecode.c.objc; path = SSInnerWebView.m; sourceTree = "<group>"; };
		86AF796A16E14FEB000EEA84 /* SSBadgeTableViewCell.h */ = {isa = PBXFileReference; lastKnownFileType = sourcecode.c.h; path = SSBadgeTableViewCell.h; sourceTree = "<group>"; };
		86AF796B16E14FEB000EEA84 /* SSBadgeTableViewCell.m */ = {isa = PBXFileReference; lastKnownFileType = sourcecode.c.objc; path = SSBadgeTableViewCell.m; sourceTree = "<group>"; };
		86AF796F16E15000000EEA84 /* SSNavigationController.h */ = {isa = PBXFileReference; lastKnownFileType = sourcecode.c.h; path = SSNavigationController.h; sourceTree = "<group>"; };
		86AF797016E15000000EEA84 /* SSNavigationController.m */ = {isa = PBXFileReference; lastKnownFileType = sourcecode.c.objc; path = SSNavigationController.m; sourceTree = "<group>"; };
		86AF797116E15000000EEA84 /* SSModalViewController.h */ = {isa = PBXFileReference; lastKnownFileType = sourcecode.c.h; path = SSModalViewController.h; sourceTree = "<group>"; };
		86AF797216E15000000EEA84 /* SSPickerViewController.h */ = {isa = PBXFileReference; lastKnownFileType = sourcecode.c.h; path = SSPickerViewController.h; sourceTree = "<group>"; };
		86AF797316E15000000EEA84 /* SSPickerViewController.m */ = {isa = PBXFileReference; lastKnownFileType = sourcecode.c.objc; path = SSPickerViewController.m; sourceTree = "<group>"; };
		86AF797416E15000000EEA84 /* SSRatingPickerViewController.h */ = {isa = PBXFileReference; lastKnownFileType = sourcecode.c.h; path = SSRatingPickerViewController.h; sourceTree = "<group>"; };
		86AF797516E15000000EEA84 /* SSRatingPickerViewController.m */ = {isa = PBXFileReference; lastKnownFileType = sourcecode.c.objc; path = SSRatingPickerViewController.m; sourceTree = "<group>"; };
		86AF797616E15000000EEA84 /* SSTableViewController.h */ = {isa = PBXFileReference; lastKnownFileType = sourcecode.c.h; path = SSTableViewController.h; sourceTree = "<group>"; };
		86AF797716E15000000EEA84 /* SSTableViewController.m */ = {isa = PBXFileReference; lastKnownFileType = sourcecode.c.objc; path = SSTableViewController.m; sourceTree = "<group>"; };
		86AF797816E15000000EEA84 /* SSViewController.h */ = {isa = PBXFileReference; lastKnownFileType = sourcecode.c.h; path = SSViewController.h; sourceTree = "<group>"; };
		86AF797916E15000000EEA84 /* SSViewController.m */ = {isa = PBXFileReference; lastKnownFileType = sourcecode.c.objc; path = SSViewController.m; sourceTree = "<group>"; };
		86AF797A16E15000000EEA84 /* SSDropShadowView.h */ = {isa = PBXFileReference; lastKnownFileType = sourcecode.c.h; path = SSDropShadowView.h; sourceTree = "<group>"; };
		86AF797B16E15000000EEA84 /* SSDropShadowView.m */ = {isa = PBXFileReference; lastKnownFileType = sourcecode.c.objc; path = SSDropShadowView.m; sourceTree = "<group>"; };
		86AF797D16E1500F000EEA84 /* SSAddressBarTextField.h */ = {isa = PBXFileReference; lastKnownFileType = sourcecode.c.h; path = SSAddressBarTextField.h; sourceTree = "<group>"; };
		86AF797E16E1500F000EEA84 /* SSAddressBarTextField.m */ = {isa = PBXFileReference; lastKnownFileType = sourcecode.c.objc; path = SSAddressBarTextField.m; sourceTree = "<group>"; };
		86AF797F16E1500F000EEA84 /* SSTextField.h */ = {isa = PBXFileReference; lastKnownFileType = sourcecode.c.h; path = SSTextField.h; sourceTree = "<group>"; };
		86AF798016E1500F000EEA84 /* SSTextField.m */ = {isa = PBXFileReference; lastKnownFileType = sourcecode.c.objc; path = SSTextField.m; sourceTree = "<group>"; };
		86AF798116E1500F000EEA84 /* SSTextView.h */ = {isa = PBXFileReference; lastKnownFileType = sourcecode.c.h; path = SSTextView.h; sourceTree = "<group>"; };
		86AF798216E1500F000EEA84 /* SSTextView.m */ = {isa = PBXFileReference; lastKnownFileType = sourcecode.c.objc; path = SSTextView.m; sourceTree = "<group>"; };
		86AF798316E1500F000EEA84 /* SSRatingPicker.h */ = {isa = PBXFileReference; lastKnownFileType = sourcecode.c.h; path = SSRatingPicker.h; sourceTree = "<group>"; };
		86AF798416E1500F000EEA84 /* SSRatingPicker.m */ = {isa = PBXFileReference; lastKnownFileType = sourcecode.c.objc; path = SSRatingPicker.m; sourceTree = "<group>"; };
		86AF798816E1501D000EEA84 /* SSConcurrentOperation.h */ = {isa = PBXFileReference; lastKnownFileType = sourcecode.c.h; path = SSConcurrentOperation.h; sourceTree = "<group>"; };
		86AF798916E1501D000EEA84 /* SSConcurrentOperation.m */ = {isa = PBXFileReference; lastKnownFileType = sourcecode.c.objc; path = SSConcurrentOperation.m; sourceTree = "<group>"; };
		86AF798A16E1501D000EEA84 /* SSDrawingMacros.h */ = {isa = PBXFileReference; lastKnownFileType = sourcecode.c.h; path = SSDrawingMacros.h; sourceTree = "<group>"; };
		86AF798B16E1501D000EEA84 /* SSDrawingMacros.m */ = {isa = PBXFileReference; lastKnownFileType = sourcecode.c.objc; path = SSDrawingMacros.m; sourceTree = "<group>"; };
		86AF798C16E1501D000EEA84 /* SSToolkitDefines.h */ = {isa = PBXFileReference; lastKnownFileType = sourcecode.c.h; path = SSToolkitDefines.h; sourceTree = "<group>"; };
		86AF798D16E1501D000EEA84 /* SSToolkitDefines.m */ = {isa = PBXFileReference; lastKnownFileType = sourcecode.c.objc; path = SSToolkitDefines.m; sourceTree = "<group>"; };
		86AF798F16E15037000EEA84 /* SSRatingPickerScrollView.h */ = {isa = PBXFileReference; lastKnownFileType = sourcecode.c.h; path = SSRatingPickerScrollView.h; sourceTree = "<group>"; };
		86AF799016E15037000EEA84 /* SSRatingPickerScrollView.m */ = {isa = PBXFileReference; lastKnownFileType = sourcecode.c.objc; path = SSRatingPickerScrollView.m; sourceTree = "<group>"; };
		86AF799116E15037000EEA84 /* SSAddressBarTextFieldBackgroundView.h */ = {isa = PBXFileReference; lastKnownFileType = sourcecode.c.h; path = SSAddressBarTextFieldBackgroundView.h; sourceTree = "<group>"; };
		86AF799216E15037000EEA84 /* SSAddressBarTextFieldBackgroundView.m */ = {isa = PBXFileReference; lastKnownFileType = sourcecode.c.objc; path = SSAddressBarTextFieldBackgroundView.m; sourceTree = "<group>"; };
		86AF799316E15037000EEA84 /* SSAddressBarTextFieldBackgroundViewInnerView.h */ = {isa = PBXFileReference; lastKnownFileType = sourcecode.c.h; path = SSAddressBarTextFieldBackgroundViewInnerView.h; sourceTree = "<group>"; };
		86AF799416E15037000EEA84 /* SSAddressBarTextFieldBackgroundViewInnerView.m */ = {isa = PBXFileReference; lastKnownFileType = sourcecode.c.objc; path = SSAddressBarTextFieldBackgroundViewInnerView.m; sourceTree = "<group>"; };
		86AF799616E15049000EEA84 /* NSArray+SSToolkitAdditions.h */ = {isa = PBXFileReference; lastKnownFileType = sourcecode.c.h; path = "NSArray+SSToolkitAdditions.h"; sourceTree = "<group>"; };
		86AF799716E15049000EEA84 /* NSArray+SSToolkitAdditions.m */ = {isa = PBXFileReference; lastKnownFileType = sourcecode.c.objc; path = "NSArray+SSToolkitAdditions.m"; sourceTree = "<group>"; };
		86AF799816E15049000EEA84 /* NSCalendar+SSToolkitAdditions.h */ = {isa = PBXFileReference; lastKnownFileType = sourcecode.c.h; path = "NSCalendar+SSToolkitAdditions.h"; sourceTree = "<group>"; };
		86AF799916E15049000EEA84 /* NSCalendar+SSToolkitAdditions.m */ = {isa = PBXFileReference; lastKnownFileType = sourcecode.c.objc; path = "NSCalendar+SSToolkitAdditions.m"; sourceTree = "<group>"; };
		86AF799A16E15049000EEA84 /* NSData+SSToolkitAdditions.h */ = {isa = PBXFileReference; lastKnownFileType = sourcecode.c.h; path = "NSData+SSToolkitAdditions.h"; sourceTree = "<group>"; };
		86AF799B16E15049000EEA84 /* NSData+SSToolkitAdditions.m */ = {isa = PBXFileReference; lastKnownFileType = sourcecode.c.objc; path = "NSData+SSToolkitAdditions.m"; sourceTree = "<group>"; };
		86AF799C16E15049000EEA84 /* NSDate+SSToolkitAdditions.h */ = {isa = PBXFileReference; lastKnownFileType = sourcecode.c.h; path = "NSDate+SSToolkitAdditions.h"; sourceTree = "<group>"; };
		86AF799D16E15049000EEA84 /* NSDate+SSToolkitAdditions.m */ = {isa = PBXFileReference; lastKnownFileType = sourcecode.c.objc; path = "NSDate+SSToolkitAdditions.m"; sourceTree = "<group>"; };
		86AF799E16E15049000EEA84 /* NSDictionary+SSToolkitAdditions.h */ = {isa = PBXFileReference; lastKnownFileType = sourcecode.c.h; path = "NSDictionary+SSToolkitAdditions.h"; sourceTree = "<group>"; };
		86AF799F16E15049000EEA84 /* NSDictionary+SSToolkitAdditions.m */ = {isa = PBXFileReference; lastKnownFileType = sourcecode.c.objc; path = "NSDictionary+SSToolkitAdditions.m"; sourceTree = "<group>"; };
		86AF79A016E15049000EEA84 /* NSString+SSToolkitAdditions.h */ = {isa = PBXFileReference; lastKnownFileType = sourcecode.c.h; path = "NSString+SSToolkitAdditions.h"; sourceTree = "<group>"; };
		86AF79A116E15049000EEA84 /* NSString+SSToolkitAdditions.m */ = {isa = PBXFileReference; lastKnownFileType = sourcecode.c.objc; path = "NSString+SSToolkitAdditions.m"; sourceTree = "<group>"; };
		86AF79A216E15049000EEA84 /* NSURL+SSToolkitAdditions.h */ = {isa = PBXFileReference; lastKnownFileType = sourcecode.c.h; path = "NSURL+SSToolkitAdditions.h"; sourceTree = "<group>"; };
		86AF79A316E15049000EEA84 /* NSURL+SSToolkitAdditions.m */ = {isa = PBXFileReference; lastKnownFileType = sourcecode.c.objc; path = "NSURL+SSToolkitAdditions.m"; sourceTree = "<group>"; };
		86AF79A516E15060000EEA84 /* UIApplication+SSToolkitAdditions.h */ = {isa = PBXFileReference; lastKnownFileType = sourcecode.c.h; path = "UIApplication+SSToolkitAdditions.h"; sourceTree = "<group>"; };
		86AF79A616E15060000EEA84 /* UIApplication+SSToolkitAdditions.m */ = {isa = PBXFileReference; lastKnownFileType = sourcecode.c.objc; path = "UIApplication+SSToolkitAdditions.m"; sourceTree = "<group>"; };
		86AF79A716E15060000EEA84 /* UIColor+SSToolkitAdditions.h */ = {isa = PBXFileReference; lastKnownFileType = sourcecode.c.h; path = "UIColor+SSToolkitAdditions.h"; sourceTree = "<group>"; };
		86AF79A816E15060000EEA84 /* UIColor+SSToolkitAdditions.m */ = {isa = PBXFileReference; lastKnownFileType = sourcecode.c.objc; path = "UIColor+SSToolkitAdditions.m"; sourceTree = "<group>"; };
		86AF79A916E15060000EEA84 /* UIControl+SSToolkitAdditions.h */ = {isa = PBXFileReference; lastKnownFileType = sourcecode.c.h; path = "UIControl+SSToolkitAdditions.h"; sourceTree = "<group>"; };
		86AF79AA16E15060000EEA84 /* UIControl+SSToolkitAdditions.m */ = {isa = PBXFileReference; lastKnownFileType = sourcecode.c.objc; path = "UIControl+SSToolkitAdditions.m"; sourceTree = "<group>"; };
		86AF79AB16E15060000EEA84 /* UIDevice+SSToolkitAdditions.h */ = {isa = PBXFileReference; lastKnownFileType = sourcecode.c.h; path = "UIDevice+SSToolkitAdditions.h"; sourceTree = "<group>"; };
		86AF79AC16E15060000EEA84 /* UIDevice+SSToolkitAdditions.m */ = {isa = PBXFileReference; lastKnownFileType = sourcecode.c.objc; path = "UIDevice+SSToolkitAdditions.m"; sourceTree = "<group>"; };
		86AF79AD16E15060000EEA84 /* UIImage+SSToolkitAdditions.h */ = {isa = PBXFileReference; lastKnownFileType = sourcecode.c.h; path = "UIImage+SSToolkitAdditions.h"; sourceTree = "<group>"; };
		86AF79AE16E15060000EEA84 /* UIImage+SSToolkitAdditions.m */ = {isa = PBXFileReference; lastKnownFileType = sourcecode.c.objc; path = "UIImage+SSToolkitAdditions.m"; sourceTree = "<group>"; };
		86AF79AF16E15060000EEA84 /* UIScreen+SSToolkitAdditions.h */ = {isa = PBXFileReference; lastKnownFileType = sourcecode.c.h; path = "UIScreen+SSToolkitAdditions.h"; sourceTree = "<group>"; };
		86AF79B016E15060000EEA84 /* UIScreen+SSToolkitAdditions.m */ = {isa = PBXFileReference; lastKnownFileType = sourcecode.c.objc; path = "UIScreen+SSToolkitAdditions.m"; sourceTree = "<group>"; };
		86AF79B116E15060000EEA84 /* UIScrollView+SSToolkitAdditions.h */ = {isa = PBXFileReference; lastKnownFileType = sourcecode.c.h; path = "UIScrollView+SSToolkitAdditions.h"; sourceTree = "<group>"; };
		86AF79B216E15060000EEA84 /* UIScrollView+SSToolkitAdditions.m */ = {isa = PBXFileReference; lastKnownFileType = sourcecode.c.objc; path = "UIScrollView+SSToolkitAdditions.m"; sourceTree = "<group>"; };
		86AF79B316E15060000EEA84 /* UIView+SSToolkitAdditions.h */ = {isa = PBXFileReference; lastKnownFileType = sourcecode.c.h; path = "UIView+SSToolkitAdditions.h"; sourceTree = "<group>"; };
		86AF79B416E15060000EEA84 /* UIView+SSToolkitAdditions.m */ = {isa = PBXFileReference; lastKnownFileType = sourcecode.c.objc; path = "UIView+SSToolkitAdditions.m"; sourceTree = "<group>"; };
		86AF79B516E15060000EEA84 /* UIViewController+SSToolkitAdditions.h */ = {isa = PBXFileReference; lastKnownFileType = sourcecode.c.h; path = "UIViewController+SSToolkitAdditions.h"; sourceTree = "<group>"; };
		86AF79B616E15060000EEA84 /* UIViewController+SSToolkitAdditions.m */ = {isa = PBXFileReference; lastKnownFileType = sourcecode.c.objc; path = "UIViewController+SSToolkitAdditions.m"; sourceTree = "<group>"; };
/* End PBXFileReference section */

/* Begin PBXFrameworksBuildPhase section */
		8687F24A16E14F3F00715A83 /* Frameworks */ = {
			isa = PBXFrameworksBuildPhase;
			buildActionMask = 2147483647;
			files = (
				8687F25116E14F3F00715A83 /* Foundation.framework in Frameworks */,
			);
			runOnlyForDeploymentPostprocessing = 0;
		};
/* End PBXFrameworksBuildPhase section */

/* Begin PBXGroup section */
		865B55FD16E1510B00D3AC7F /* Resources */ = {
			isa = PBXGroup;
			children = (
				865B55FE16E1511D00D3AC7F /* SSToolkit.bundle */,
			);
			name = Resources;
			path = ..;
			sourceTree = "<group>";
		};
		8687F24416E14F3E00715A83 = {
			isa = PBXGroup;
			children = (
				8687F25216E14F3F00715A83 /* SSToolkit */,
				8687F24F16E14F3F00715A83 /* Frameworks */,
				8687F24E16E14F3F00715A83 /* Products */,
			);
			sourceTree = "<group>";
		};
		8687F24E16E14F3F00715A83 /* Products */ = {
			isa = PBXGroup;
			children = (
				8687F24D16E14F3F00715A83 /* libSSToolkit.a */,
			);
			name = Products;
			sourceTree = "<group>";
		};
		8687F24F16E14F3F00715A83 /* Frameworks */ = {
			isa = PBXGroup;
			children = (
				8687F25016E14F3F00715A83 /* Foundation.framework */,
			);
			name = Frameworks;
			sourceTree = "<group>";
		};
		8687F25216E14F3F00715A83 /* SSToolkit */ = {
			isa = PBXGroup;
			children = (
				86AF794E16E14F88000EEA84 /* SSToolkit.h */,
				86AF794D16E14F88000EEA84 /* SSCategories.h */,
				86AF794F16E14F94000EEA84 /* Views */,
				86AF796916E14FDC000EEA84 /* Cells */,
				86AF796C16E14FF0000EEA84 /* View Controllers */,
				86AF797C16E15003000EEA84 /* Controls */,
				86AF798716E15013000EEA84 /* Misc */,
				86AF798E16E15027000EEA84 /* Private */,
				86AF799516E1503B000EEA84 /* Categories */,
				8687F25316E14F3F00715A83 /* Supporting Files */,
				865B55FD16E1510B00D3AC7F /* Resources */,
			);
			path = SSToolkit;
			sourceTree = "<group>";
		};
		8687F25316E14F3F00715A83 /* Supporting Files */ = {
			isa = PBXGroup;
			children = (
				8687F25416E14F3F00715A83 /* SSToolkit-Prefix.pch */,
			);
			name = "Supporting Files";
			sourceTree = "<group>";
		};
		86AF794F16E14F94000EEA84 /* Views */ = {
			isa = PBXGroup;
			children = (
				86AF795016E14FB5000EEA84 /* SSBadgeView.h */,
				86AF795116E14FB5000EEA84 /* SSBadgeView.m */,
				86AF795716E14FBF000EEA84 /* SSGradientView.h */,
				86AF795816E14FBF000EEA84 /* SSGradientView.m */,
				86AF795916E14FBF000EEA84 /* SSHUDView.h */,
				86AF795A16E14FBF000EEA84 /* SSHUDView.m */,
				86AF795B16E14FBF000EEA84 /* SSIndicatorLabel.h */,
				86AF795C16E14FBF000EEA84 /* SSIndicatorLabel.m */,
				86AF795D16E14FBF000EEA84 /* SSLabel.h */,
				86AF795E16E14FBF000EEA84 /* SSLabel.m */,
				86AF795F16E14FBF000EEA84 /* SSLineView.h */,
				86AF796016E14FBF000EEA84 /* SSLineView.m */,
				86AF796116E14FBF000EEA84 /* SSLoadingView.h */,
				86AF796216E14FBF000EEA84 /* SSLoadingView.m */,
				86AF796316E14FBF000EEA84 /* SSPieProgressView.h */,
				86AF796416E14FBF000EEA84 /* SSPieProgressView.m */,
				86AF796516E14FBF000EEA84 /* SSWebView.h */,
				86AF796616E14FBF000EEA84 /* SSWebView.m */,
				86AF796716E14FBF000EEA84 /* SSInnerWebView.h */,
				86AF796816E14FBF000EEA84 /* SSInnerWebView.m */,
			);
			name = Views;
			sourceTree = "<group>";
		};
		86AF796916E14FDC000EEA84 /* Cells */ = {
			isa = PBXGroup;
			children = (
				86AF796A16E14FEB000EEA84 /* SSBadgeTableViewCell.h */,
				86AF796B16E14FEB000EEA84 /* SSBadgeTableViewCell.m */,
			);
			name = Cells;
			sourceTree = "<group>";
		};
		86AF796C16E14FF0000EEA84 /* View Controllers */ = {
			isa = PBXGroup;
			children = (
				86AF796F16E15000000EEA84 /* SSNavigationController.h */,
				86AF797016E15000000EEA84 /* SSNavigationController.m */,
				86AF797116E15000000EEA84 /* SSModalViewController.h */,
				86AF797216E15000000EEA84 /* SSPickerViewController.h */,
				86AF797316E15000000EEA84 /* SSPickerViewController.m */,
				86AF797416E15000000EEA84 /* SSRatingPickerViewController.h */,
				86AF797516E15000000EEA84 /* SSRatingPickerViewController.m */,
				86AF797616E15000000EEA84 /* SSTableViewController.h */,
				86AF797716E15000000EEA84 /* SSTableViewController.m */,
				86AF797816E15000000EEA84 /* SSViewController.h */,
				86AF797916E15000000EEA84 /* SSViewController.m */,
				86AF797A16E15000000EEA84 /* SSDropShadowView.h */,
				86AF797B16E15000000EEA84 /* SSDropShadowView.m */,
			);
			name = "View Controllers";
			sourceTree = "<group>";
		};
		86AF797C16E15003000EEA84 /* Controls */ = {
			isa = PBXGroup;
			children = (
				86AF797D16E1500F000EEA84 /* SSAddressBarTextField.h */,
				86AF797E16E1500F000EEA84 /* SSAddressBarTextField.m */,
				86AF797F16E1500F000EEA84 /* SSTextField.h */,
				86AF798016E1500F000EEA84 /* SSTextField.m */,
				86AF798116E1500F000EEA84 /* SSTextView.h */,
				86AF798216E1500F000EEA84 /* SSTextView.m */,
				86AF798316E1500F000EEA84 /* SSRatingPicker.h */,
				86AF798416E1500F000EEA84 /* SSRatingPicker.m */,
			);
			name = Controls;
			sourceTree = "<group>";
		};
		86AF798716E15013000EEA84 /* Misc */ = {
			isa = PBXGroup;
			children = (
				86AF798816E1501D000EEA84 /* SSConcurrentOperation.h */,
				86AF798916E1501D000EEA84 /* SSConcurrentOperation.m */,
				86AF798A16E1501D000EEA84 /* SSDrawingMacros.h */,
				86AF798B16E1501D000EEA84 /* SSDrawingMacros.m */,
				86AF798C16E1501D000EEA84 /* SSToolkitDefines.h */,
				86AF798D16E1501D000EEA84 /* SSToolkitDefines.m */,
			);
			name = Misc;
			sourceTree = "<group>";
		};
		86AF798E16E15027000EEA84 /* Private */ = {
			isa = PBXGroup;
			children = (
				86AF798F16E15037000EEA84 /* SSRatingPickerScrollView.h */,
				86AF799016E15037000EEA84 /* SSRatingPickerScrollView.m */,
				86AF799116E15037000EEA84 /* SSAddressBarTextFieldBackgroundView.h */,
				86AF799216E15037000EEA84 /* SSAddressBarTextFieldBackgroundView.m */,
				86AF799316E15037000EEA84 /* SSAddressBarTextFieldBackgroundViewInnerView.h */,
				86AF799416E15037000EEA84 /* SSAddressBarTextFieldBackgroundViewInnerView.m */,
			);
			name = Private;
			sourceTree = "<group>";
		};
		86AF799516E1503B000EEA84 /* Categories */ = {
			isa = PBXGroup;
			children = (
				86AF79A416E15052000EEA84 /* Foundation */,
				86AF79B716E15063000EEA84 /* UIKit */,
			);
			name = Categories;
			sourceTree = "<group>";
		};
		86AF79A416E15052000EEA84 /* Foundation */ = {
			isa = PBXGroup;
			children = (
				86AF799616E15049000EEA84 /* NSArray+SSToolkitAdditions.h */,
				86AF799716E15049000EEA84 /* NSArray+SSToolkitAdditions.m */,
				86AF799816E15049000EEA84 /* NSCalendar+SSToolkitAdditions.h */,
				86AF799916E15049000EEA84 /* NSCalendar+SSToolkitAdditions.m */,
				86AF799A16E15049000EEA84 /* NSData+SSToolkitAdditions.h */,
				86AF799B16E15049000EEA84 /* NSData+SSToolkitAdditions.m */,
				86AF799C16E15049000EEA84 /* NSDate+SSToolkitAdditions.h */,
				86AF799D16E15049000EEA84 /* NSDate+SSToolkitAdditions.m */,
				86AF799E16E15049000EEA84 /* NSDictionary+SSToolkitAdditions.h */,
				86AF799F16E15049000EEA84 /* NSDictionary+SSToolkitAdditions.m */,
				86AF79A016E15049000EEA84 /* NSString+SSToolkitAdditions.h */,
				86AF79A116E15049000EEA84 /* NSString+SSToolkitAdditions.m */,
				86AF79A216E15049000EEA84 /* NSURL+SSToolkitAdditions.h */,
				86AF79A316E15049000EEA84 /* NSURL+SSToolkitAdditions.m */,
			);
			name = Foundation;
			sourceTree = "<group>";
		};
		86AF79B716E15063000EEA84 /* UIKit */ = {
			isa = PBXGroup;
			children = (
				86AF79A516E15060000EEA84 /* UIApplication+SSToolkitAdditions.h */,
				86AF79A616E15060000EEA84 /* UIApplication+SSToolkitAdditions.m */,
				86AF79A716E15060000EEA84 /* UIColor+SSToolkitAdditions.h */,
				86AF79A816E15060000EEA84 /* UIColor+SSToolkitAdditions.m */,
				86AF79A916E15060000EEA84 /* UIControl+SSToolkitAdditions.h */,
				86AF79AA16E15060000EEA84 /* UIControl+SSToolkitAdditions.m */,
				86AF79AB16E15060000EEA84 /* UIDevice+SSToolkitAdditions.h */,
				86AF79AC16E15060000EEA84 /* UIDevice+SSToolkitAdditions.m */,
				86AF79AD16E15060000EEA84 /* UIImage+SSToolkitAdditions.h */,
				86AF79AE16E15060000EEA84 /* UIImage+SSToolkitAdditions.m */,
				86AF79AF16E15060000EEA84 /* UIScreen+SSToolkitAdditions.h */,
				86AF79B016E15060000EEA84 /* UIScreen+SSToolkitAdditions.m */,
				86AF79B116E15060000EEA84 /* UIScrollView+SSToolkitAdditions.h */,
				86AF79B216E15060000EEA84 /* UIScrollView+SSToolkitAdditions.m */,
				86AF79B316E15060000EEA84 /* UIView+SSToolkitAdditions.h */,
				86AF79B416E15060000EEA84 /* UIView+SSToolkitAdditions.m */,
				86AF79B516E15060000EEA84 /* UIViewController+SSToolkitAdditions.h */,
				86AF79B616E15060000EEA84 /* UIViewController+SSToolkitAdditions.m */,
			);
			name = UIKit;
			sourceTree = "<group>";
		};
/* End PBXGroup section */

/* Begin PBXNativeTarget section */
		8687F24C16E14F3F00715A83 /* SSToolkit */ = {
			isa = PBXNativeTarget;
			buildConfigurationList = 8687F25B16E14F3F00715A83 /* Build configuration list for PBXNativeTarget "SSToolkit" */;
			buildPhases = (
				8687F24916E14F3F00715A83 /* Sources */,
				8687F24A16E14F3F00715A83 /* Frameworks */,
				8687F24B16E14F3F00715A83 /* CopyFiles */,
			);
			buildRules = (
			);
			dependencies = (
			);
			name = SSToolkit;
			productName = SSToolkit;
			productReference = 8687F24D16E14F3F00715A83 /* libSSToolkit.a */;
			productType = "com.apple.product-type.library.static";
		};
/* End PBXNativeTarget section */

/* Begin PBXProject section */
		8687F24516E14F3F00715A83 /* Project object */ = {
			isa = PBXProject;
			attributes = {
				LastUpgradeCheck = 0460;
				ORGANIZATIONNAME = "Rethink Books";
			};
			buildConfigurationList = 8687F24816E14F3F00715A83 /* Build configuration list for PBXProject "SSToolkit" */;
			compatibilityVersion = "Xcode 3.2";
			developmentRegion = English;
			hasScannedForEncodings = 0;
			knownRegions = (
				en,
			);
			mainGroup = 8687F24416E14F3E00715A83;
			productRefGroup = 8687F24E16E14F3F00715A83 /* Products */;
			projectDirPath = "";
			projectRoot = "";
			targets = (
				8687F24C16E14F3F00715A83 /* SSToolkit */,
			);
		};
/* End PBXProject section */

/* Begin PBXSourcesBuildPhase section */
		8687F24916E14F3F00715A83 /* Sources */ = {
			isa = PBXSourcesBuildPhase;
			buildActionMask = 2147483647;
			files = (
				86AF795216E14FB5000EEA84 /* SSBadgeView.m in Sources */,
				8648328F16E158BC00D64E89 /* SSGradientView.m in Sources */,
				8648329016E158BC00D64E89 /* SSHUDView.m in Sources */,
				8648329116E158BC00D64E89 /* SSIndicatorLabel.m in Sources */,
				8648329216E158BC00D64E89 /* SSLabel.m in Sources */,
				8648329316E158BC00D64E89 /* SSLineView.m in Sources */,
				8648329416E158BC00D64E89 /* SSLoadingView.m in Sources */,
				8648329516E158BC00D64E89 /* SSPieProgressView.m in Sources */,
				8648329616E158BC00D64E89 /* SSWebView.m in Sources */,
				8648329716E158BC00D64E89 /* SSInnerWebView.m in Sources */,
				8648329816E158BC00D64E89 /* SSBadgeTableViewCell.m in Sources */,
				8648329A16E158BC00D64E89 /* SSNavigationController.m in Sources */,
				8648329B16E158BC00D64E89 /* SSPickerViewController.m in Sources */,
				8648329C16E158BC00D64E89 /* SSRatingPickerViewController.m in Sources */,
				8648329D16E158BC00D64E89 /* SSTableViewController.m in Sources */,
				8648329E16E158BC00D64E89 /* SSViewController.m in Sources */,
				8648329F16E158BC00D64E89 /* SSDropShadowView.m in Sources */,
				864832A016E158BC00D64E89 /* SSAddressBarTextField.m in Sources */,
				864832A116E158BC00D64E89 /* SSTextField.m in Sources */,
				864832A216E158BC00D64E89 /* SSTextView.m in Sources */,
				864832A316E158BC00D64E89 /* SSRatingPicker.m in Sources */,
				864832A516E158BC00D64E89 /* SSConcurrentOperation.m in Sources */,
				864832A616E158BC00D64E89 /* SSDrawingMacros.m in Sources */,
				864832A716E158BC00D64E89 /* SSToolkitDefines.m in Sources */,
				864832A816E158BC00D64E89 /* SSRatingPickerScrollView.m in Sources */,
				864832A916E158BC00D64E89 /* SSAddressBarTextFieldBackgroundView.m in Sources */,
				864832AA16E158BC00D64E89 /* SSAddressBarTextFieldBackgroundViewInnerView.m in Sources */,
				864832AB16E158BC00D64E89 /* NSArray+SSToolkitAdditions.m in Sources */,
				864832AC16E158BC00D64E89 /* NSCalendar+SSToolkitAdditions.m in Sources */,
				864832AD16E158BC00D64E89 /* NSData+SSToolkitAdditions.m in Sources */,
				864832AE16E158BC00D64E89 /* NSDate+SSToolkitAdditions.m in Sources */,
				864832AF16E158BC00D64E89 /* NSDictionary+SSToolkitAdditions.m in Sources */,
				864832B016E158BC00D64E89 /* NSString+SSToolkitAdditions.m in Sources */,
				864832B116E158BC00D64E89 /* NSURL+SSToolkitAdditions.m in Sources */,
				864832B216E158BC00D64E89 /* UIApplication+SSToolkitAdditions.m in Sources */,
				864832B316E158BC00D64E89 /* UIColor+SSToolkitAdditions.m in Sources */,
				864832B416E158BC00D64E89 /* UIControl+SSToolkitAdditions.m in Sources */,
				864832B516E158BC00D64E89 /* UIDevice+SSToolkitAdditions.m in Sources */,
				864832B616E158BC00D64E89 /* UIImage+SSToolkitAdditions.m in Sources */,
				864832B716E158BC00D64E89 /* UIScreen+SSToolkitAdditions.m in Sources */,
				864832B816E158BC00D64E89 /* UIScrollView+SSToolkitAdditions.m in Sources */,
				864832B916E158BC00D64E89 /* UIView+SSToolkitAdditions.m in Sources */,
				864832BA16E158BC00D64E89 /* UIViewController+SSToolkitAdditions.m in Sources */,
			);
			runOnlyForDeploymentPostprocessing = 0;
		};
/* End PBXSourcesBuildPhase section */

/* Begin XCBuildConfiguration section */
		8687F25916E14F3F00715A83 /* Debug */ = {
			isa = XCBuildConfiguration;
			buildSettings = {
				ALWAYS_SEARCH_USER_PATHS = NO;
				CLANG_CXX_LANGUAGE_STANDARD = "gnu++0x";
				CLANG_CXX_LIBRARY = "libc++";
				CLANG_ENABLE_OBJC_ARC = NO;
				CLANG_WARN_CONSTANT_CONVERSION = YES;
				CLANG_WARN_EMPTY_BODY = YES;
				CLANG_WARN_ENUM_CONVERSION = YES;
				CLANG_WARN_INT_CONVERSION = YES;
				CLANG_WARN__DUPLICATE_METHOD_MATCH = YES;
				COPY_PHASE_STRIP = NO;
				GCC_C_LANGUAGE_STANDARD = gnu99;
				GCC_DYNAMIC_NO_PIC = NO;
				GCC_OPTIMIZATION_LEVEL = 0;
				GCC_PREPROCESSOR_DEFINITIONS = (
					"DEBUG=1",
					"$(inherited)",
				);
				GCC_SYMBOLS_PRIVATE_EXTERN = NO;
				GCC_WARN_ABOUT_RETURN_TYPE = YES;
				GCC_WARN_UNINITIALIZED_AUTOS = YES;
				GCC_WARN_UNUSED_VARIABLE = YES;
				IPHONEOS_DEPLOYMENT_TARGET = 5.0;
				ONLY_ACTIVE_ARCH = YES;
				SDKROOT = iphoneos;
			};
			name = Debug;
		};
		8687F25A16E14F3F00715A83 /* Release */ = {
			isa = XCBuildConfiguration;
			buildSettings = {
				ALWAYS_SEARCH_USER_PATHS = NO;
				CLANG_CXX_LANGUAGE_STANDARD = "gnu++0x";
				CLANG_CXX_LIBRARY = "libc++";
				CLANG_ENABLE_OBJC_ARC = NO;
				CLANG_WARN_CONSTANT_CONVERSION = YES;
				CLANG_WARN_EMPTY_BODY = YES;
				CLANG_WARN_ENUM_CONVERSION = YES;
				CLANG_WARN_INT_CONVERSION = YES;
				CLANG_WARN__DUPLICATE_METHOD_MATCH = YES;
				COPY_PHASE_STRIP = YES;
				GCC_C_LANGUAGE_STANDARD = gnu99;
				GCC_WARN_ABOUT_RETURN_TYPE = YES;
				GCC_WARN_UNINITIALIZED_AUTOS = YES;
				GCC_WARN_UNUSED_VARIABLE = YES;
				IPHONEOS_DEPLOYMENT_TARGET = 5.0;
				SDKROOT = iphoneos;
				VALIDATE_PRODUCT = YES;
			};
			name = Release;
		};
		8687F25C16E14F3F00715A83 /* Debug */ = {
			isa = XCBuildConfiguration;
			buildSettings = {
				ARCHS = "$(ARCHS_STANDARD_INCLUDING_64_BIT)";
				CLANG_ENABLE_OBJC_ARC = YES;
				DSTROOT = /tmp/SSToolkit.dst;
				GCC_PRECOMPILE_PREFIX_HEADER = YES;
				GCC_PREFIX_HEADER = "SSToolkit/SSToolkit-Prefix.pch";
				OTHER_LDFLAGS = "-ObjC";
				PRODUCT_NAME = "$(TARGET_NAME)";
				SKIP_INSTALL = YES;
			};
			name = Debug;
		};
		8687F25D16E14F3F00715A83 /* Release */ = {
			isa = XCBuildConfiguration;
			buildSettings = {
				ARCHS = "$(ARCHS_STANDARD_INCLUDING_64_BIT)";
				CLANG_ENABLE_OBJC_ARC = YES;
				DSTROOT = /tmp/SSToolkit.dst;
				GCC_PRECOMPILE_PREFIX_HEADER = YES;
				GCC_PREFIX_HEADER = "SSToolkit/SSToolkit-Prefix.pch";
				OTHER_LDFLAGS = "-ObjC";
				PRODUCT_NAME = "$(TARGET_NAME)";
				SKIP_INSTALL = YES;
			};
			name = Release;
		};
/* End XCBuildConfiguration section */

/* Begin XCConfigurationList section */
		8687F24816E14F3F00715A83 /* Build configuration list for PBXProject "SSToolkit" */ = {
			isa = XCConfigurationList;
			buildConfigurations = (
				8687F25916E14F3F00715A83 /* Debug */,
				8687F25A16E14F3F00715A83 /* Release */,
			);
			defaultConfigurationIsVisible = 0;
			defaultConfigurationName = Release;
		};
		8687F25B16E14F3F00715A83 /* Build configuration list for PBXNativeTarget "SSToolkit" */ = {
			isa = XCConfigurationList;
			buildConfigurations = (
				8687F25C16E14F3F00715A83 /* Debug */,
				8687F25D16E14F3F00715A83 /* Release */,
			);
			defaultConfigurationIsVisible = 0;
			defaultConfigurationName = Release;
		};
/* End XCConfigurationList section */
	};
	rootObject = 8687F24516E14F3F00715A83 /* Project object */;
}
